
Microsoft Visual Studio Solution File, Format Version 12.00
# Visual Studio Version 17
VisualStudioVersion = 17.4.33122.133
MinimumVisualStudioVersion = 10.0.40219.1
Project("{FAE04EC0-301F-11D3-BF4B-00C04F79EFBC}") = "Всякие приколюхи", "Всякие приколюхи\Всякие приколюхи.csproj", "{C12D1645-3E4A-4BB9-9B59-9CF6EA5D94E4}"
EndProject
Project("{FAE04EC0-301F-11D3-BF4B-00C04F79EFBC}") = "Выключение или перезагрузка ПК", "Выключение или перезагрузка ПК\Выключение или перезагрузка ПК.csproj", "{44CCB46D-1018-4AA7-AB77-B02F0BBC9162}"
EndProject
Project("{FAE04EC0-301F-11D3-BF4B-00C04F79EFBC}") = "медиаплеер", "медиаплеер\медиаплеер.csproj", "{17DA4C96-C88A-473D-9EB0-D8DF5C94A1B7}"
EndProject
Project("{FAE04EC0-301F-11D3-BF4B-00C04F79EFBC}") = "SaveOpenPicture", "SaveOpenPicture\SaveOpenPicture.csproj", "{CF50A620-BF05-4CB0-9172-CAB7AF7BD07F}"
EndProject
Project("{FAE04EC0-301F-11D3-BF4B-00C04F79EFBC}") = "СохранениеИЗагрузкаФотоForms-WPF", "СохранениеИЗагрузкаФотоForms-WPF\СохранениеИЗагрузкаФотоForms-WPF.csproj", "{6BD29C90-5396-40B3-9C65-2EDC267D9B5F}"
EndProject
Project("{FAE04EC0-301F-11D3-BF4B-00C04F79EFBC}") = "Конвертер old", "Конвертер\Конвертер old.csproj", "{8ABAA70A-B6BB-46B3-A9FE-40AF469519B9}"
EndProject
Project("{FAE04EC0-301F-11D3-BF4B-00C04F79EFBC}") = "Converter New", "Converter New\Converter New.csproj", "{8F765915-26B5-477F-A97D-A9E1419095E3}"
EndProject
Project("{9A19103F-16F7-4668-BE54-9A1E7A4F7556}") = "Распознавание речи", "Распознавание речи\Распознавание речи.csproj", "{E412497B-C85C-4E88-B9DF-E5C485334B94}"
EndProject
Project("{9A19103F-16F7-4668-BE54-9A1E7A4F7556}") = "бот телега", "бот телега\бот телега.csproj", "{DF9760E4-7242-40CF-9E67-AF3FBE5F0E4C}"
EndProject
Project("{9A19103F-16F7-4668-BE54-9A1E7A4F7556}") = "test", "test\test.csproj", "{8748775E-6BC9-4E0D-B342-31DE4F624F7D}"
EndProject
Project("{9A19103F-16F7-4668-BE54-9A1E7A4F7556}") = "PassGen", "PassGen\PassGen.csproj", "{EA71433E-E771-4E40-856C-D844420E1979}"
EndProject
Global
	GlobalSection(SolutionConfigurationPlatforms) = preSolution
		Debug|Any CPU = Debug|Any CPU
		Release|Any CPU = Release|Any CPU
	EndGlobalSection
	GlobalSection(ProjectConfigurationPlatforms) = postSolution
		{C12D1645-3E4A-4BB9-9B59-9CF6EA5D94E4}.Debug|Any CPU.ActiveCfg = Debug|Any CPU
		{C12D1645-3E4A-4BB9-9B59-9CF6EA5D94E4}.Debug|Any CPU.Build.0 = Debug|Any CPU
		{C12D1645-3E4A-4BB9-9B59-9CF6EA5D94E4}.Release|Any CPU.ActiveCfg = Release|Any CPU
		{C12D1645-3E4A-4BB9-9B59-9CF6EA5D94E4}.Release|Any CPU.Build.0 = Release|Any CPU
		{44CCB46D-1018-4AA7-AB77-B02F0BBC9162}.Debug|Any CPU.ActiveCfg = Debug|Any CPU
		{44CCB46D-1018-4AA7-AB77-B02F0BBC9162}.Debug|Any CPU.Build.0 = Debug|Any CPU
		{44CCB46D-1018-4AA7-AB77-B02F0BBC9162}.Release|Any CPU.ActiveCfg = Release|Any CPU
		{44CCB46D-1018-4AA7-AB77-B02F0BBC9162}.Release|Any CPU.Build.0 = Release|Any CPU
		{17DA4C96-C88A-473D-9EB0-D8DF5C94A1B7}.Debug|Any CPU.ActiveCfg = Debug|Any CPU
		{17DA4C96-C88A-473D-9EB0-D8DF5C94A1B7}.Debug|Any CPU.Build.0 = Debug|Any CPU
		{17DA4C96-C88A-473D-9EB0-D8DF5C94A1B7}.Release|Any CPU.ActiveCfg = Release|Any CPU
		{17DA4C96-C88A-473D-9EB0-D8DF5C94A1B7}.Release|Any CPU.Build.0 = Release|Any CPU
		{CF50A620-BF05-4CB0-9172-CAB7AF7BD07F}.Debug|Any CPU.ActiveCfg = Debug|Any CPU
		{CF50A620-BF05-4CB0-9172-CAB7AF7BD07F}.Debug|Any CPU.Build.0 = Debug|Any CPU
		{CF50A620-BF05-4CB0-9172-CAB7AF7BD07F}.Release|Any CPU.ActiveCfg = Release|Any CPU
		{CF50A620-BF05-4CB0-9172-CAB7AF7BD07F}.Release|Any CPU.Build.0 = Release|Any CPU
		{6BD29C90-5396-40B3-9C65-2EDC267D9B5F}.Debug|Any CPU.ActiveCfg = Debug|Any CPU
		{6BD29C90-5396-40B3-9C65-2EDC267D9B5F}.Debug|Any CPU.Build.0 = Debug|Any CPU
		{6BD29C90-5396-40B3-9C65-2EDC267D9B5F}.Release|Any CPU.ActiveCfg = Release|Any CPU
		{6BD29C90-5396-40B3-9C65-2EDC267D9B5F}.Release|Any CPU.Build.0 = Release|Any CPU
		{8ABAA70A-B6BB-46B3-A9FE-40AF469519B9}.Debug|Any CPU.ActiveCfg = Debug|Any CPU
		{8ABAA70A-B6BB-46B3-A9FE-40AF469519B9}.Debug|Any CPU.Build.0 = Debug|Any CPU
		{8ABAA70A-B6BB-46B3-A9FE-40AF469519B9}.Release|Any CPU.ActiveCfg = Release|Any CPU
		{8ABAA70A-B6BB-46B3-A9FE-40AF469519B9}.Release|Any CPU.Build.0 = Release|Any CPU
		{8F765915-26B5-477F-A97D-A9E1419095E3}.Debug|Any CPU.ActiveCfg = Debug|Any CPU
		{8F765915-26B5-477F-A97D-A9E1419095E3}.Debug|Any CPU.Build.0 = Debug|Any CPU
		{8F765915-26B5-477F-A97D-A9E1419095E3}.Release|Any CPU.ActiveCfg = Release|Any CPU
		{8F765915-26B5-477F-A97D-A9E1419095E3}.Release|Any CPU.Build.0 = Release|Any CPU
		{E412497B-C85C-4E88-B9DF-E5C485334B94}.Debug|Any CPU.ActiveCfg = Debug|Any CPU
		{E412497B-C85C-4E88-B9DF-E5C485334B94}.Debug|Any CPU.Build.0 = Debug|Any CPU
		{E412497B-C85C-4E88-B9DF-E5C485334B94}.Release|Any CPU.ActiveCfg = Release|Any CPU
		{E412497B-C85C-4E88-B9DF-E5C485334B94}.Release|Any CPU.Build.0 = Release|Any CPU
		{DF9760E4-7242-40CF-9E67-AF3FBE5F0E4C}.Debug|Any CPU.ActiveCfg = Debug|Any CPU
		{DF9760E4-7242-40CF-9E67-AF3FBE5F0E4C}.Debug|Any CPU.Build.0 = Debug|Any CPU
		{DF9760E4-7242-40CF-9E67-AF3FBE5F0E4C}.Release|Any CPU.ActiveCfg = Release|Any CPU
		{DF9760E4-7242-40CF-9E67-AF3FBE5F0E4C}.Release|Any CPU.Build.0 = Release|Any CPU
		{8748775E-6BC9-4E0D-B342-31DE4F624F7D}.Debug|Any CPU.ActiveCfg = Debug|Any CPU
		{8748775E-6BC9-4E0D-B342-31DE4F624F7D}.Debug|Any CPU.Build.0 = Debug|Any CPU
		{8748775E-6BC9-4E0D-B342-31DE4F624F7D}.Release|Any CPU.ActiveCfg = Release|Any CPU
		{8748775E-6BC9-4E0D-B342-31DE4F624F7D}.Release|Any CPU.Build.0 = Release|Any CPU
		{EA71433E-E771-4E40-856C-D844420E1979}.Debug|Any CPU.ActiveCfg = Debug|Any CPU
		{EA71433E-E771-4E40-856C-D844420E1979}.Debug|Any CPU.Build.0 = Debug|Any CPU
		{EA71433E-E771-4E40-856C-D844420E1979}.Release|Any CPU.ActiveCfg = Release|Any CPU
		{EA71433E-E771-4E40-856C-D844420E1979}.Release|Any CPU.Build.0 = Release|Any CPU
	EndGlobalSection
	GlobalSection(SolutionProperties) = preSolution
		HideSolutionNode = FALSE
	EndGlobalSection
	GlobalSection(ExtensibilityGlobals) = postSolution
		SolutionGuid = {813FC825-861C-4DE6-BD47-E8556FCF2D43}
	EndGlobalSection
EndGlobal
